
Microsoft Visual Studio Solution File, Format Version 12.00
# Visual Studio Version 17
VisualStudioVersion = 17.0.31903.59
MinimumVisualStudioVersion = 10.0.40219.1
Project("{FAE04EC0-301F-11D3-BF4B-00C04F79EFBC}") = "postaOtomasyon", "postaOtomasyon\postaOtomasyon.csproj", "{F48E0553-EAE5-4B53-87C9-57137063B052}"
EndProject
Global
	GlobalSection(SolutionConfigurationPlatforms) = preSolution
		Debug|Any CPU = Debug|Any CPU
		Release|Any CPU = Release|Any CPU
	EndGlobalSection
	GlobalSection(ProjectConfigurationPlatforms) = postSolution
		{F48E0553-EAE5-4B53-87C9-57137063B052}.Debug|Any CPU.ActiveCfg = Debug|Any CPU
		{F48E0553-EAE5-4B53-87C9-57137063B052}.Debug|Any CPU.Build.0 = Debug|Any CPU
		{F48E0553-EAE5-4B53-87C9-57137063B052}.Release|Any CPU.ActiveCfg = Release|Any CPU
		{F48E0553-EAE5-4B53-87C9-57137063B052}.Release|Any CPU.Build.0 = Release|Any CPU
	EndGlobalSection
	GlobalSection(SolutionProperties) = preSolution
		HideSolutionNode = FALSE
	EndGlobalSection
	GlobalSection(ExtensibilityGlobals) = postSolution
		SolutionGuid = {75E9FA10-FAD7-49B6-A78C-BF1282719D8B}
	EndGlobalSection
EndGlobal
